lockfileVersion: '9.0'

settings:
  autoInstallPeers: true
  excludeLinksFromLockfile: false

importers:

  .:
    dependencies:
      jxa-run-compat:
        specifier: ^1.6.0
        version: 1.6.0
    devDependencies:
      '@jxa/global-type':
        specifier: ^1.4.0
        version: 1.4.0

packages:

  '@jxa/global-type@1.4.0':
    resolution: {integrity: sha512-3Gg632we69oelbanFFQ1XbKTfqEYzwQxg00O13XG2an6IJzP829XLKjv0EDy/UtublyZbZFCk1CmDXq9ku4oGw==}

  '@jxa/types@1.4.0':
    resolution: {integrity: sha512-3MNk9eYHAdNVUGASHrfvadVL5sE/NMet0CAugHERsofmLp4SYRGCD+sXAMjlnpRjL1g3q7nkAU9wUL2h0Z+LQA==}

  jxa-run-compat@1.6.0:
    resolution: {integrity: sha512-+zF9bB89e614gXRfdJD2IuApK6jiQlMQWukiPINmCt2NR4bZqsjFJy7BxjAumsPDVssiREGPRud2aWYP41mUYA==}

snapshots:

  '@jxa/global-type@1.4.0':
    dependencies:
      '@jxa/types': 1.4.0

  '@jxa/types@1.4.0': {}

  jxa-run-compat@1.6.0: {}
